
Microsoft Visual Studio Solution File, Format Version 12.00
# Visual Studio Version 16
VisualStudioVersion = 16.0.30804.86
MinimumVisualStudioVersion = 10.0.40219.1
Project("{FAE04EC0-301F-11D3-BF4B-00C04F79EFBC}") = "ChattingApp.API", "ChattingApp.API\ChattingApp.API.csproj", "{7F51A500-1E7B-4CC3-9E82-6C49AC88BDEE}"
EndProject
Project("{FAE04EC0-301F-11D3-BF4B-00C04F79EFBC}") = "ChattingApp.Data", "ChattingApp.Data\ChattingApp.Data.csproj", "{179EC064-7732-4053-8B29-10843DCCFCE1}"
EndProject
Project("{FAE04EC0-301F-11D3-BF4B-00C04F79EFBC}") = "ChattingApp.Foundation", "ChattingApp.Foundation\ChattingApp.Foundation.csproj", "{02161197-4855-49E1-95D5-E3FAB873903E}"
EndProject
Global
	GlobalSection(SolutionConfigurationPlatforms) = preSolution
		Debug|Any CPU = Debug|Any CPU
		Release|Any CPU = Release|Any CPU
	EndGlobalSection
	GlobalSection(ProjectConfigurationPlatforms) = postSolution
		{7F51A500-1E7B-4CC3-9E82-6C49AC88BDEE}.Debug|Any CPU.ActiveCfg = Debug|Any CPU
		{7F51A500-1E7B-4CC3-9E82-6C49AC88BDEE}.Debug|Any CPU.Build.0 = Debug|Any CPU
		{7F51A500-1E7B-4CC3-9E82-6C49AC88BDEE}.Release|Any CPU.ActiveCfg = Release|Any CPU
		{7F51A500-1E7B-4CC3-9E82-6C49AC88BDEE}.Release|Any CPU.Build.0 = Release|Any CPU
		{179EC064-7732-4053-8B29-10843DCCFCE1}.Debug|Any CPU.ActiveCfg = Debug|Any CPU
		{179EC064-7732-4053-8B29-10843DCCFCE1}.Debug|Any CPU.Build.0 = Debug|Any CPU
		{179EC064-7732-4053-8B29-10843DCCFCE1}.Release|Any CPU.ActiveCfg = Release|Any CPU
		{179EC064-7732-4053-8B29-10843DCCFCE1}.Release|Any CPU.Build.0 = Release|Any CPU
		{02161197-4855-49E1-95D5-E3FAB873903E}.Debug|Any CPU.ActiveCfg = Debug|Any CPU
		{02161197-4855-49E1-95D5-E3FAB873903E}.Debug|Any CPU.Build.0 = Debug|Any CPU
		{02161197-4855-49E1-95D5-E3FAB873903E}.Release|Any CPU.ActiveCfg = Release|Any CPU
		{02161197-4855-49E1-95D5-E3FAB873903E}.Release|Any CPU.Build.0 = Release|Any CPU
	EndGlobalSection
	GlobalSection(SolutionProperties) = preSolution
		HideSolutionNode = FALSE
	EndGlobalSection
	GlobalSection(ExtensibilityGlobals) = postSolution
		SolutionGuid = {6D52809C-C1F8-4431-8D22-208D88CA467F}
	EndGlobalSection
EndGlobal
